// !$*UTF8*$!
{
	archiveVersion = 1;
	classes = {
	};
	objectVersion = 50;
	objects = {

/* Begin PBXBuildFile section */
		4B1615EB22BF84B2005F3F5F /* EditLoverTableViewController.swift in Sources */ = {isa = PBXBuildFile; fileRef = 4B1615EA22BF84B2005F3F5F /* EditLoverTableViewController.swift */; };
		4B1615ED22BF8AD9005F3F5F /* LoverTableViewCell.swift in Sources */ = {isa = PBXBuildFile; fileRef = 4B1615EC22BF8AD9005F3F5F /* LoverTableViewCell.swift */; };
		4B1E48CD22BE3A3200D90B10 /* AppDelegate.swift in Sources */ = {isa = PBXBuildFile; fileRef = 4B1E48CC22BE3A3200D90B10 /* AppDelegate.swift */; };
		4B1E48CF22BE3A3200D90B10 /* ViewController.swift in Sources */ = {isa = PBXBuildFile; fileRef = 4B1E48CE22BE3A3200D90B10 /* ViewController.swift */; };
		4B1E48D222BE3A3200D90B10 /* Main.storyboard in Resources */ = {isa = PBXBuildFile; fileRef = 4B1E48D022BE3A3200D90B10 /* Main.storyboard */; };
		4B1E48D422BE3A3300D90B10 /* Assets.xcassets in Resources */ = {isa = PBXBuildFile; fileRef = 4B1E48D322BE3A3300D90B10 /* Assets.xcassets */; };
		4B1E48D722BE3A3300D90B10 /* LaunchScreen.storyboard in Resources */ = {isa = PBXBuildFile; fileRef = 4B1E48D522BE3A3300D90B10 /* LaunchScreen.storyboard */; };
		4B1E48DF22BE451300D90B10 /* NbaTableViewController.swift in Sources */ = {isa = PBXBuildFile; fileRef = 4B1E48DE22BE451300D90B10 /* NbaTableViewController.swift */; };
		4B1E48E122BE48A100D90B10 /* nbaplay.swift in Sources */ = {isa = PBXBuildFile; fileRef = 4B1E48E022BE48A100D90B10 /* nbaplay.swift */; };
		4B1E48E522BE5A2200D90B10 /* playerDetailViewController.swift in Sources */ = {isa = PBXBuildFile; fileRef = 4B1E48E422BE5A2200D90B10 /* playerDetailViewController.swift */; };
		4B1E48E922BE676800D90B10 /* nbaimageCollectionViewController.swift in Sources */ = {isa = PBXBuildFile; fileRef = 4B1E48E822BE676800D90B10 /* nbaimageCollectionViewController.swift */; };
		4B1E48EB22BE689200D90B10 /* nbaCollectionViewCell.swift in Sources */ = {isa = PBXBuildFile; fileRef = 4B1E48EA22BE689200D90B10 /* nbaCollectionViewCell.swift */; };
		4B1E48ED22BE798F00D90B10 /* LoverTableViewController.swift in Sources */ = {isa = PBXBuildFile; fileRef = 4B1E48EC22BE798F00D90B10 /* LoverTableViewController.swift */; };
		4B1E48EF22BE79BB00D90B10 /* Lover.swift in Sources */ = {isa = PBXBuildFile; fileRef = 4B1E48EE22BE79BB00D90B10 /* Lover.swift */; };
/* End PBXBuildFile section */

/* Begin PBXFileReference section */
		4B1615EA22BF84B2005F3F5F /* EditLoverTableViewController.swift */ = {isa = PBXFileReference; lastKnownFileType = sourcecode.swift; path = EditLoverTableViewController.swift; sourceTree = "<group>"; };
		4B1615EC22BF8AD9005F3F5F /* LoverTableViewCell.swift */ = {isa = PBXFileReference; lastKnownFileType = sourcecode.swift; path = LoverTableViewCell.swift; sourceTree = "<group>"; };
		4B1E48C922BE3A3200D90B10 /* 557021.app */ = {isa = PBXFileReference; explicitFileType = wrapper.application; includeInIndex = 0; path = 557021.app; sourceTree = BUILT_PRODUCTS_DIR; };
		4B1E48CC22BE3A3200D90B10 /* AppDelegate.swift */ = {isa = PBXFileReference; lastKnownFileType = sourcecode.swift; path = AppDelegate.swift; sourceTree = "<group>"; };
		4B1E48CE22BE3A3200D90B10 /* ViewController.swift */ = {isa = PBXFileReference; lastKnownFileType = sourcecode.swift; path = ViewController.swift; sourceTree = "<group>"; };
		4B1E48D122BE3A3200D90B10 /* Base */ = {isa = PBXFileReference; lastKnownFileType = file.storyboard; name = Base; path = Base.lproj/Main.storyboard; sourceTree = "<group>"; };
		4B1E48D322BE3A3300D90B10 /* Assets.xcassets */ = {isa = PBXFileReference; lastKnownFileType = folder.assetcatalog; path = Assets.xcassets; sourceTree = "<group>"; };
		4B1E48D622BE3A3300D90B10 /* Base */ = {isa = PBXFileReference; lastKnownFileType = file.storyboard; name = Base; path = Base.lproj/LaunchScreen.storyboard; sourceTree = "<group>"; };
		4B1E48D822BE3A3300D90B10 /* Info.plist */ = {isa = PBXFileReference; lastKnownFileType = text.plist.xml; path = Info.plist; sourceTree = "<group>"; };
		4B1E48DE22BE451300D90B10 /* NbaTableViewController.swift */ = {isa = PBXFileReference; lastKnownFileType = sourcecode.swift; path = NbaTableViewController.swift; sourceTree = "<group>"; };
		4B1E48E022BE48A100D90B10 /* nbaplay.swift */ = {isa = PBXFileReference; lastKnownFileType = sourcecode.swift; path = nbaplay.swift; sourceTree = "<group>"; };
		4B1E48E422BE5A2200D90B10 /* playerDetailViewController.swift */ = {isa = PBXFileReference; lastKnownFileType = sourcecode.swift; path = playerDetailViewController.swift; sourceTree = "<group>"; };
		4B1E48E822BE676800D90B10 /* nbaimageCollectionViewController.swift */ = {isa = PBXFileReference; lastKnownFileType = sourcecode.swift; path = nbaimageCollectionViewController.swift; sourceTree = "<group>"; };
		4B1E48EA22BE689200D90B10 /* nbaCollectionViewCell.swift */ = {isa = PBXFileReference; lastKnownFileType = sourcecode.swift; path = nbaCollectionViewCell.swift; sourceTree = "<group>"; };
		4B1E48EC22BE798F00D90B10 /* LoverTableViewController.swift */ = {isa = PBXFileReference; lastKnownFileType = sourcecode.swift; path = LoverTableViewController.swift; sourceTree = "<group>"; };
		4B1E48EE22BE79BB00D90B10 /* Lover.swift */ = {isa = PBXFileReference; lastKnownFileType = sourcecode.swift; path = Lover.swift; sourceTree = "<group>"; };
/* End PBXFileReference section */

/* Begin PBXFrameworksBuildPhase section */
		4B1E48C622BE3A3200D90B10 /* Frameworks */ = {
			isa = PBXFrameworksBuildPhase;
			buildActionMask = 2147483647;
			files = (
			);
			runOnlyForDeploymentPostprocessing = 0;
		};
/* End PBXFrameworksBuildPhase section */

/* Begin PBXGroup section */
		4B1E48C022BE3A3200D90B10 = {
			isa = PBXGroup;
			children = (
				4B1E48CB22BE3A3200D90B10 /* 557021 */,
				4B1E48CA22BE3A3200D90B10 /* Products */,
			);
			sourceTree = "<group>";
		};
		4B1E48CA22BE3A3200D90B10 /* Products */ = {
			isa = PBXGroup;
			children = (
				4B1E48C922BE3A3200D90B10 /* 557021.app */,
			);
			name = Products;
			sourceTree = "<group>";
		};
		4B1E48CB22BE3A3200D90B10 /* 557021 */ = {
			isa = PBXGroup;
			children = (
				4B1E48EA22BE689200D90B10 /* nbaCollectionViewCell.swift */,
				4B1E48E822BE676800D90B10 /* nbaimageCollectionViewController.swift */,
				4B1E48CC22BE3A3200D90B10 /* AppDelegate.swift */,
				4B1E48CE22BE3A3200D90B10 /* ViewController.swift */,
				4B1E48D022BE3A3200D90B10 /* Main.storyboard */,
				4B1615EA22BF84B2005F3F5F /* EditLoverTableViewController.swift */,
				4B1E48EC22BE798F00D90B10 /* LoverTableViewController.swift */,
				4B1615EC22BF8AD9005F3F5F /* LoverTableViewCell.swift */,
				4B1E48EE22BE79BB00D90B10 /* Lover.swift */,
				4B1E48DE22BE451300D90B10 /* NbaTableViewController.swift */,
				4B1E48E422BE5A2200D90B10 /* playerDetailViewController.swift */,
				4B1E48E022BE48A100D90B10 /* nbaplay.swift */,
				4B1E48D322BE3A3300D90B10 /* Assets.xcassets */,
				4B1E48D522BE3A3300D90B10 /* LaunchScreen.storyboard */,
				4B1E48D822BE3A3300D90B10 /* Info.plist */,
			);
			path = 557021;
			sourceTree = "<group>";
		};
/* End PBXGroup section */

/* Begin PBXNativeTarget section */
		4B1E48C822BE3A3200D90B10 /* 557021 */ = {
			isa = PBXNativeTarget;
			buildConfigurationList = 4B1E48DB22BE3A3300D90B10 /* Build configuration list for PBXNativeTarget "557021" */;
			buildPhases = (
				4B1E48C522BE3A3200D90B10 /* Sources */,
				4B1E48C622BE3A3200D90B10 /* Frameworks */,
				4B1E48C722BE3A3200D90B10 /* Resources */,
			);
			buildRules = (
			);
			dependencies = (
			);
			name = 557021;
			productName = 557021;
			productReference = 4B1E48C922BE3A3200D90B10 /* 557021.app */;
			productType = "com.apple.product-type.application";
		};
/* End PBXNativeTarget section */

/* Begin PBXProject section */
		4B1E48C122BE3A3200D90B10 /* Project object */ = {
			isa = PBXProject;
			attributes = {
				LastSwiftUpdateCheck = 1020;
				LastUpgradeCheck = 1020;
				ORGANIZATIONNAME = 557021;
				TargetAttributes = {
					4B1E48C822BE3A3200D90B10 = {
						CreatedOnToolsVersion = 10.2;
					};
				};
			};
			buildConfigurationList = 4B1E48C422BE3A3200D90B10 /* Build configuration list for PBXProject "557021" */;
			compatibilityVersion = "Xcode 9.3";
			developmentRegion = en;
			hasScannedForEncodings = 0;
			knownRegions = (
				en,
				Base,
			);
			mainGroup = 4B1E48C022BE3A3200D90B10;
			productRefGroup = 4B1E48CA22BE3A3200D90B10 /* Products */;
			projectDirPath = "";
			projectRoot = "";
			targets = (
				4B1E48C822BE3A3200D90B10 /* 557021 */,
			);
		};
/* End PBXProject section */

/* Begin PBXResourcesBuildPhase section */
		4B1E48C722BE3A3200D90B10 /* Resources */ = {
			isa = PBXResourcesBuildPhase;
			buildActionMask = 2147483647;
			files = (
				4B1E48D722BE3A3300D90B10 /* LaunchScreen.storyboard in Resources */,
				4B1E48D422BE3A3300D90B10 /* Assets.xcassets in Resources */,
				4B1E48D222BE3A3200D90B10 /* Main.storyboard in Resources */,
			);
			runOnlyForDeploymentPostprocessing = 0;
		};
/* End PBXResourcesBuildPhase section */

/* Begin PBXSourcesBuildPhase section */
		4B1E48C522BE3A3200D90B10 /* Sources */ = {
			isa = PBXSourcesBuildPhase;
			buildActionMask = 2147483647;
			files = (
				4B1E48ED22BE798F00D90B10 /* LoverTableViewController.swift in Sources */,
				4B1E48E922BE676800D90B10 /* nbaimageCollectionViewController.swift in Sources */,
				4B1E48EF22BE79BB00D90B10 /* Lover.swift in Sources */,
				4B1E48E522BE5A2200D90B10 /* playerDetailViewController.swift in Sources */,
				4B1E48DF22BE451300D90B10 /* NbaTableViewController.swift in Sources */,
				4B1615ED22BF8AD9005F3F5F /* LoverTableViewCell.swift in Sources */,
				4B1E48EB22BE689200D90B10 /* nbaCollectionViewCell.swift in Sources */,
				4B1615EB22BF84B2005F3F5F /* EditLoverTableViewController.swift in Sources */,
				4B1E48CF22BE3A3200D90B10 /* ViewController.swift in Sources */,
				4B1E48CD22BE3A3200D90B10 /* AppDelegate.swift in Sources */,
				4B1E48E122BE48A100D90B10 /* nbaplay.swift in Sources */,
			);
			runOnlyForDeploymentPostprocessing = 0;
		};
/* End PBXSourcesBuildPhase section */

/* Begin PBXVariantGroup section */
		4B1E48D022BE3A3200D90B10 /* Main.storyboard */ = {
			isa = PBXVariantGroup;
			children = (
				4B1E48D122BE3A3200D90B10 /* Base */,
			);
			name = Main.storyboard;
			sourceTree = "<group>";
		};
		4B1E48D522BE3A3300D90B10 /* LaunchScreen.storyboard */ = {
			isa = PBXVariantGroup;
			children = (
				4B1E48D622BE3A3300D90B10 /* Base */,
			);
			name = LaunchScreen.storyboard;
			sourceTree = "<group>";
		};
/* End PBXVariantGroup section */

/* Begin XCBuildConfiguration section */
		4B1E48D922BE3A3300D90B10 /* Debug */ = {
			isa = XCBuildConfiguration;
			buildSettings = {
				ALWAYS_SEARCH_USER_PATHS = NO;
				CLANG_ANALYZER_NONNULL = YES;
				CLANG_ANALYZER_NUMBER_OBJECT_CONVERSION = YES_AGGRESSIVE;
				CLANG_CXX_LANGUAGE_STANDARD = "gnu++14";
				CLANG_CXX_LIBRARY = "libc++";
				CLANG_ENABLE_MODULES = YES;
				CLANG_ENABLE_OBJC_ARC = YES;
				CLANG_ENABLE_OBJC_WEAK = YES;
				CLANG_WARN_BLOCK_CAPTURE_AUTORELEASING = YES;
				CLANG_WARN_BOOL_CONVERSION = YES;
				CLANG_WARN_COMMA = YES;
				CLANG_WARN_CONSTANT_CONVERSION = YES;
				CLANG_WARN_DEPRECATED_OBJC_IMPLEMENTATIONS = YES;
				CLANG_WARN_DIRECT_OBJC_ISA_USAGE = YES_ERROR;
				CLANG_WARN_DOCUMENTATION_COMMENTS = YES;
				CLANG_WARN_EMPTY_BODY = YES;
				CLANG_WARN_ENUM_CONVERSION = YES;
				CLANG_WARN_INFINITE_RECURSION = YES;
				CLANG_WARN_INT_CONVERSION = YES;
				CLANG_WARN_NON_LITERAL_NULL_CONVERSION = YES;
				CLANG_WARN_OBJC_IMPLICIT_RETAIN_SELF = YES;
				CLANG_WARN_OBJC_LITERAL_CONVERSION = YES;
				CLANG_WARN_OBJC_ROOT_CLASS = YES_ERROR;
				CLANG_WARN_RANGE_LOOP_ANALYSIS = YES;
				CLANG_WARN_STRICT_PROTOTYPES = YES;
				CLANG_WARN_SUSPICIOUS_MOVE = YES;
				CLANG_WARN_UNGUARDED_AVAILABILITY = YES_AGGRESSIVE;
				CLANG_WARN_UNREACHABLE_CODE = YES;
				CLANG_WARN__DUPLICATE_METHOD_MATCH = YES;
				CODE_SIGN_IDENTITY = "iPhone Developer";
				COPY_PHASE_STRIP = NO;
				DEBUG_INFORMATION_FORMAT = dwarf;
				ENABLE_STRICT_OBJC_MSGSEND = YES;
				ENABLE_TESTABILITY = YES;
				GCC_C_LANGUAGE_STANDARD = gnu11;
				GCC_DYNAMIC_NO_PIC = NO;
				GCC_NO_COMMON_BLOCKS = YES;
				GCC_OPTIMIZATION_LEVEL = 0;
				GCC_PREPROCESSOR_DEFINITIONS = (
					"DEBUG=1",
					"$(inherited)",
				);
				GCC_WARN_64_TO_32_BIT_CONVERSION = YES;
				GCC_WARN_ABOUT_RETURN_TYPE = YES_ERROR;
				GCC_WARN_UNDECLARED_SELECTOR = YES;
				GCC_WARN_UNINITIALIZED_AUTOS = YES_AGGRESSIVE;
				GCC_WARN_UNUSED_FUNCTION = YES;
				GCC_WARN_UNUSED_VARIABLE = YES;
				IPHONEOS_DEPLOYMENT_TARGET = 12.2;
				MTL_ENABLE_DEBUG_INFO = INCLUDE_SOURCE;
				MTL_FAST_MATH = YES;
				ONLY_ACTIVE_ARCH = YES;
				SDKROOT = iphoneos;
				SWIFT_ACTIVE_COMPILATION_CONDITIONS = DEBUG;
				SWIFT_OPTIMIZATION_LEVEL = "-Onone";
			};
			name = Debug;
		};
		4B1E48DA22BE3A3300D90B10 /* Release */ = {
			isa = XCBuildConfiguration;
			buildSettings = {
				ALWAYS_SEARCH_USER_PATHS = NO;
				CLANG_ANALYZER_NONNULL = YES;
				CLANG_ANALYZER_NUMBER_OBJECT_CONVERSION = YES_AGGRESSIVE;
				CLANG_CXX_LANGUAGE_STANDARD = "gnu++14";
				CLANG_CXX_LIBRARY = "libc++";
				CLANG_ENABLE_MODULES = YES;
				CLANG_ENABLE_OBJC_ARC = YES;
				CLANG_ENABLE_OBJC_WEAK = YES;
				CLANG_WARN_BLOCK_CAPTURE_AUTORELEASING = YES;
				CLANG_WARN_BOOL_CONVERSION = YES;
				CLANG_WARN_COMMA = YES;
				CLANG_WARN_CONSTANT_CONVERSION = YES;
				CLANG_WARN_DEPRECATED_OBJC_IMPLEMENTATIONS = YES;
				CLANG_WARN_DIRECT_OBJC_ISA_USAGE = YES_ERROR;
				CLANG_WARN_DOCUMENTATION_COMMENTS = YES;
				CLANG_WARN_EMPTY_BODY = YES;
				CLANG_WARN_ENUM_CONVERSION = YES;
				CLANG_WARN_INFINITE_RECURSION = YES;
				CLANG_WARN_INT_CONVERSION = YES;
				CLANG_WARN_NON_LITERAL_NULL_CONVERSION = YES;
				CLANG_WARN_OBJC_IMPLICIT_RETAIN_SELF = YES;
				CLANG_WARN_OBJC_LITERAL_CONVERSION = YES;
				CLANG_WARN_OBJC_ROOT_CLASS = YES_ERROR;
				CLANG_WARN_RANGE_LOOP_ANALYSIS = YES;
				CLANG_WARN_STRICT_PROTOTYPES = YES;
				CLANG_WARN_SUSPICIOUS_MOVE = YES;
				CLANG_WARN_UNGUARDED_AVAILABILITY = YES_AGGRESSIVE;
				CLANG_WARN_UNREACHABLE_CODE = YES;
				CLANG_WARN__DUPLICATE_METHOD_MATCH = YES;
				CODE_SIGN_IDENTITY = "iPhone Developer";
				COPY_PHASE_STRIP = NO;
				DEBUG_INFORMATION_FORMAT = "dwarf-with-dsym";
				ENABLE_NS_ASSERTIONS = NO;
				ENABLE_STRICT_OBJC_MSGSEND = YES;
				GCC_C_LANGUAGE_STANDARD = gnu11;
				GCC_NO_COMMON_BLOCKS = YES;
				GCC_WARN_64_TO_32_BIT_CONVERSION = YES;
				GCC_WARN_ABOUT_RETURN_TYPE = YES_ERROR;
				GCC_WARN_UNDECLARED_SELECTOR = YES;
				GCC_WARN_UNINITIALIZED_AUTOS = YES_AGGRESSIVE;
				GCC_WARN_UNUSED_FUNCTION = YES;
				GCC_WARN_UNUSED_VARIABLE = YES;
				IPHONEOS_DEPLOYMENT_TARGET = 12.2;
				MTL_ENABLE_DEBUG_INFO = NO;
				MTL_FAST_MATH = YES;
				SDKROOT = iphoneos;
				SWIFT_COMPILATION_MODE = wholemodule;
				SWIFT_OPTIMIZATION_LEVEL = "-O";
				VALIDATE_PRODUCT = YES;
			};
			name = Release;
		};
		4B1E48DC22BE3A3300D90B10 /* Debug */ = {
			isa = XCBuildConfiguration;
			buildSettings = {
				ASSETCATALOG_COMPILER_APPICON_NAME = AppIcon;
				CODE_SIGN_STYLE = Automatic;
				INFOPLIST_FILE = 557021/Info.plist;
				LD_RUNPATH_SEARCH_PATHS = (
					"$(inherited)",
					"@executable_path/Frameworks",
				);
				PRODUCT_BUNDLE_IDENTIFIER = "com.eric.-57021";
				PRODUCT_NAME = "$(TARGET_NAME)";
				SWIFT_VERSION = 5.0;
				TARGETED_DEVICE_FAMILY = "1,2";
			};
			name = Debug;
		};
		4B1E48DD22BE3A3300D90B10 /* Release */ = {
			isa = XCBuildConfiguration;
			buildSettings = {
				ASSETCATALOG_COMPILER_APPICON_NAME = AppIcon;
				CODE_SIGN_STYLE = Automatic;
				INFOPLIST_FILE = 557021/Info.plist;
				LD_RUNPATH_SEARCH_PATHS = (
					"$(inherited)",
					"@executable_path/Frameworks",
				);
				PRODUCT_BUNDLE_IDENTIFIER = "com.eric.-57021";
				PRODUCT_NAME = "$(TARGET_NAME)";
				SWIFT_VERSION = 5.0;
				TARGETED_DEVICE_FAMILY = "1,2";
			};
			name = Release;
		};
/* End XCBuildConfiguration section */

/* Begin XCConfigurationList section */
		4B1E48C422BE3A3200D90B10 /* Build configuration list for PBXProject "557021" */ = {
			isa = XCConfigurationList;
			buildConfigurations = (
				4B1E48D922BE3A3300D90B10 /* Debug */,
				4B1E48DA22BE3A3300D90B10 /* Release */,
			);
			defaultConfigurationIsVisible = 0;
			defaultConfigurationName = Release;
		};
		4B1E48DB22BE3A3300D90B10 /* Build configuration list for PBXNativeTarget "557021" */ = {
			isa = XCConfigurationList;
			buildConfigurations = (
				4B1E48DC22BE3A3300D90B10 /* Debug */,
				4B1E48DD22BE3A3300D90B10 /* Release */,
			);
			defaultConfigurationIsVisible = 0;
			defaultConfigurationName = Release;
		};
/* End XCConfigurationList section */
	};
	rootObject = 4B1E48C122BE3A3200D90B10 /* Project object */;
}
